
Microsoft Visual Studio Solution File, Format Version 12.00
# Visual Studio Version 16
VisualStudioVersion = 16.0.29306.81
MinimumVisualStudioVersion = 10.0.40219.1
Project("{FAE04EC0-301F-11D3-BF4B-00C04F79EFBC}") = "FluiDBase", "FluiDBase\FluiDBase.csproj", "{60DCDB8B-FF95-4F32-9DD0-8B5A361AA45C}"
EndProject
Global
	GlobalSection(SolutionConfigurationPlatforms) = preSolution
		Debug|Any CPU = Debug|Any CPU
		Release|Any CPU = Release|Any CPU
	EndGlobalSection
	GlobalSection(ProjectConfigurationPlatforms) = postSolution
		{60DCDB8B-FF95-4F32-9DD0-8B5A361AA45C}.Debug|Any CPU.ActiveCfg = Debug|Any CPU
		{60DCDB8B-FF95-4F32-9DD0-8B5A361AA45C}.Debug|Any CPU.Build.0 = Debug|Any CPU
		{60DCDB8B-FF95-4F32-9DD0-8B5A361AA45C}.Release|Any CPU.ActiveCfg = Release|Any CPU
		{60DCDB8B-FF95-4F32-9DD0-8B5A361AA45C}.Release|Any CPU.Build.0 = Release|Any CPU
	EndGlobalSection
	GlobalSection(SolutionProperties) = preSolution
		HideSolutionNode = FALSE
	EndGlobalSection
	GlobalSection(ExtensibilityGlobals) = postSolution
		SolutionGuid = {F5E53D8B-F943-45FD-88BF-5BD1498D4F5A}
	EndGlobalSection
EndGlobal
